PATH
  remote: .
  specs:
    sonos_rb (0.1.0)
      reline (~> 0.4)
      rexml (~> 3.2)

GEM
  remote: https://rubygems.org/
  specs:
    diff-lcs (1.6.2)
    io-console (0.8.2)
    reline (0.6.3)
      io-console (~> 0.5)
    rexml (3.4.4)
    rspec (3.13.2)
      rspec-core (~> 3.13.0)
      rspec-expectations (~> 3.13.0)
      rspec-mocks (~> 3.13.0)
    rspec-core (3.13.6)
      rspec-support (~> 3.13.0)
    rspec-expectations (3.13.5)
      diff-lcs (>= 1.2.0, < 2.0)
      rspec-support (~> 3.13.0)
    rspec-mocks (3.13.8)
      diff-lcs (>= 1.2.0, < 2.0)
      rspec-support (~> 3.13.0)
    rspec-support (3.13.7)

PLATFORMS
  arm64-darwin-23
  ruby

DEPENDENCIES
  rspec (~> 3.13)
  sonos_rb!

BUNDLED WITH
   2.6.9
